<?xml version="1.0" encoding="UTF-8" standalone="yes" ?>
<CodeBlocks_project_file>
	<FileVersion major="1" minor="6" />
	<Project>
		<Option title="UTNetflixV2" />
		<Option pch_mode="2" />
		<Option compiler="gcc" />
		<Build>
			<Target title="Debug">
				<Option output="bin/Debug/UTNetflixV2" prefix_auto="1" extension_auto="1" />
				<Option object_output="obj/Debug/" />
				<Option type="1" />
				<Option compiler="gcc" />
				<Compiler>
					<Add option="-g" />
				</Compiler>
			</Target>
			<Target title="Release">
				<Option output="bin/Release/UTNetflixV2" prefix_auto="1" extension_auto="1" />
				<Option object_output="obj/Release/" />
				<Option type="1" />
				<Option compiler="gcc" />
				<Compiler>
					<Add option="-O2" />
				</Compiler>
				<Linker>
					<Add option="-s" />
				</Linker>
			</Target>
		</Build>
		<Compiler>
			<Add option="-Wall" />
		</Compiler>
		<Unit filename="adl.c">
			<Option compilerVar="CC" />
		</Unit>
		<Unit filename="adl.h" />
		<Unit filename="encriptacion.c">
			<Option compilerVar="CC" />
		</Unit>
		<Unit filename="encriptacion.h" />
		<Unit filename="gotoxy.c">
			<Option compilerVar="CC" />
		</Unit>
		<Unit filename="gotoxy.h" />
		<Unit filename="grafica.c">
			<Option compilerVar="CC" />
		</Unit>
		<Unit filename="grafica.h" />
		<Unit filename="libarbol.c">
			<Option compilerVar="CC" />
		</Unit>
		<Unit filename="libarbol.h" />
		<Unit filename="listasSimplesPeliculas.c">
			<Option compilerVar="CC" />
		</Unit>
		<Unit filename="listasSimplesPeliculas.h" />
		<Unit filename="main.c">
			<Option compilerVar="CC" />
		</Unit>
		<Unit filename="matrices_int.c">
			<Option compilerVar="CC" />
		</Unit>
		<Unit filename="matrices_int.h" />
		<Unit filename="pelicula.c">
			<Option compilerVar="CC" />
		</Unit>
		<Unit filename="pelicula.h" />
		<Unit filename="structs.h" />
		<Unit filename="usuarios.c">
			<Option compilerVar="CC" />
		</Unit>
		<Unit filename="usuarios.h" />
		<Extensions>
			<code_completion />
			<envvars />
			<debugger />
		</Extensions>
	</Project>
</CodeBlocks_project_file>
